// !$*UTF8*$!
{
	archiveVersion = 1;
	classes = {
	};
	objectVersion = 55;
	objects = {

/* Begin PBXBuildFile section */
		749ABDC427FDD9E300A282A3 /* AppDelegate.swift in Sources */ = {isa = PBXBuildFile; fileRef = 749ABDC327FDD9E300A282A3 /* AppDelegate.swift */; };
		749ABDC627FDD9E300A282A3 /* SceneDelegate.swift in Sources */ = {isa = PBXBuildFile; fileRef = 749ABDC527FDD9E300A282A3 /* SceneDelegate.swift */; };
		749ABDC827FDD9E300A282A3 /* ViewController.swift in Sources */ = {isa = PBXBuildFile; fileRef = 749ABDC727FDD9E300A282A3 /* ViewController.swift */; };
		749ABDCB27FDD9E300A282A3 /* Main.storyboard in Resources */ = {isa = PBXBuildFile; fileRef = 749ABDC927FDD9E300A282A3 /* Main.storyboard */; };
		749ABDCD27FDD9E400A282A3 /* Assets.xcassets in Resources */ = {isa = PBXBuildFile; fileRef = 749ABDCC27FDD9E400A282A3 /* Assets.xcassets */; };
		749ABDD027FDD9E400A282A3 /* LaunchScreen.storyboard in Resources */ = {isa = PBXBuildFile; fileRef = 749ABDCE27FDD9E400A282A3 /* LaunchScreen.storyboard */; };
		749ABDDB27FDD9E400A282A3 /* eggplantTests.swift in Sources */ = {isa = PBXBuildFile; fileRef = 749ABDDA27FDD9E400A282A3 /* eggplantTests.swift */; };
		749ABDE527FDD9E400A282A3 /* eggplantUITests.swift in Sources */ = {isa = PBXBuildFile; fileRef = 749ABDE427FDD9E400A282A3 /* eggplantUITests.swift */; };
		749ABDE727FDD9E400A282A3 /* eggplantUITestsLaunchTests.swift in Sources */ = {isa = PBXBuildFile; fileRef = 749ABDE627FDD9E400A282A3 /* eggplantUITestsLaunchTests.swift */; };
/* End PBXBuildFile section */

/* Begin PBXContainerItemProxy section */
		749ABDD727FDD9E400A282A3 /* PBXContainerItemProxy */ = {
			isa = PBXContainerItemProxy;
			containerPortal = 749ABDB827FDD9E300A282A3 /* Project object */;
			proxyType = 1;
			remoteGlobalIDString = 749ABDBF27FDD9E300A282A3;
			remoteInfo = eggplant;
		};
		749ABDE127FDD9E400A282A3 /* PBXContainerItemProxy */ = {
			isa = PBXContainerItemProxy;
			containerPortal = 749ABDB827FDD9E300A282A3 /* Project object */;
			proxyType = 1;
			remoteGlobalIDString = 749ABDBF27FDD9E300A282A3;
			remoteInfo = eggplant;
		};
/* End PBXContainerItemProxy section */

/* Begin PBXFileReference section */
		749ABDC027FDD9E300A282A3 /* eggplant.app */ = {isa = PBXFileReference; explicitFileType = wrapper.application; includeInIndex = 0; path = eggplant.app; sourceTree = BUILT_PRODUCTS_DIR; };
		749ABDC327FDD9E300A282A3 /* AppDelegate.swift */ = {isa = PBXFileReference; lastKnownFileType = sourcecode.swift; path = AppDelegate.swift; sourceTree = "<group>"; };
		749ABDC527FDD9E300A282A3 /* SceneDelegate.swift */ = {isa = PBXFileReference; lastKnownFileType = sourcecode.swift; path = SceneDelegate.swift; sourceTree = "<group>"; };
		749ABDC727FDD9E300A282A3 /* ViewController.swift */ = {isa = PBXFileReference; lastKnownFileType = sourcecode.swift; path = ViewController.swift; sourceTree = "<group>"; };
		749ABDCA27FDD9E300A282A3 /* Base */ = {isa = PBXFileReference; lastKnownFileType = file.storyboard; name = Base; path = Base.lproj/Main.storyboard; sourceTree = "<group>"; };
		749ABDCC27FDD9E400A282A3 /* Assets.xcassets */ = {isa = PBXFileReference; lastKnownFileType = folder.assetcatalog; path = Assets.xcassets; sourceTree = "<group>"; };
		749ABDCF27FDD9E400A282A3 /* Base */ = {isa = PBXFileReference; lastKnownFileType = file.storyboard; name = Base; path = Base.lproj/LaunchScreen.storyboard; sourceTree = "<group>"; };
		749ABDD127FDD9E400A282A3 /* Info.plist */ = {isa = PBXFileReference; lastKnownFileType = text.plist.xml; path = Info.plist; sourceTree = "<group>"; };
		749ABDD627FDD9E400A282A3 /* eggplantTests.xctest */ = {isa = PBXFileReference; explicitFileType = wrapper.cfbundle; includeInIndex = 0; path = eggplantTests.xctest; sourceTree = BUILT_PRODUCTS_DIR; };
		749ABDDA27FDD9E400A282A3 /* eggplantTests.swift */ = {isa = PBXFileReference; lastKnownFileType = sourcecode.swift; path = eggplantTests.swift; sourceTree = "<group>"; };
		749ABDE027FDD9E400A282A3 /* eggplantUITests.xctest */ = {isa = PBXFileReference; explicitFileType = wrapper.cfbundle; includeInIndex = 0; path = eggplantUITests.xctest; sourceTree = BUILT_PRODUCTS_DIR; };
		749ABDE427FDD9E400A282A3 /* eggplantUITests.swift */ = {isa = PBXFileReference; lastKnownFileType = sourcecode.swift; path = eggplantUITests.swift; sourceTree = "<group>"; };
		749ABDE627FDD9E400A282A3 /* eggplantUITestsLaunchTests.swift */ = {isa = PBXFileReference; lastKnownFileType = sourcecode.swift; path = eggplantUITestsLaunchTests.swift; sourceTree = "<group>"; };
/* End PBXFileReference section */

/* Begin PBXFrameworksBuildPhase section */
		749ABDBD27FDD9E300A282A3 /* Frameworks */ = {
			isa = PBXFrameworksBuildPhase;
			buildActionMask = 2147483647;
			files = (
			);
			runOnlyForDeploymentPostprocessing = 0;
		};
		749ABDD327FDD9E400A282A3 /* Frameworks */ = {
			isa = PBXFrameworksBuildPhase;
			buildActionMask = 2147483647;
			files = (
			);
			runOnlyForDeploymentPostprocessing = 0;
		};
		749ABDDD27FDD9E400A282A3 /* Frameworks */ = {
			isa = PBXFrameworksBuildPhase;
			buildActionMask = 2147483647;
			files = (
			);
			runOnlyForDeploymentPostprocessing = 0;
		};
/* End PBXFrameworksBuildPhase section */

/* Begin PBXGroup section */
		749ABDB727FDD9E300A282A3 = {
			isa = PBXGroup;
			children = (
				749ABDC227FDD9E300A282A3 /* eggplant */,
				749ABDD927FDD9E400A282A3 /* eggplantTests */,
				749ABDE327FDD9E400A282A3 /* eggplantUITests */,
				749ABDC127FDD9E300A282A3 /* Products */,
			);
			sourceTree = "<group>";
		};
		749ABDC127FDD9E300A282A3 /* Products */ = {
			isa = PBXGroup;
			children = (
				749ABDC027FDD9E300A282A3 /* eggplant.app */,
				749ABDD627FDD9E400A282A3 /* eggplantTests.xctest */,
				749ABDE027FDD9E400A282A3 /* eggplantUITests.xctest */,
			);
			name = Products;
			sourceTree = "<group>";
		};
		749ABDC227FDD9E300A282A3 /* eggplant */ = {
			isa = PBXGroup;
			children = (
				749ABDC327FDD9E300A282A3 /* AppDelegate.swift */,
				749ABDC527FDD9E300A282A3 /* SceneDelegate.swift */,
				749ABDC727FDD9E300A282A3 /* ViewController.swift */,
				749ABDC927FDD9E300A282A3 /* Main.storyboard */,
				749ABDCC27FDD9E400A282A3 /* Assets.xcassets */,
				749ABDCE27FDD9E400A282A3 /* LaunchScreen.storyboard */,
				749ABDD127FDD9E400A282A3 /* Info.plist */,
			);
			path = eggplant;
			sourceTree = "<group>";
		};
		749ABDD927FDD9E400A282A3 /* eggplantTests */ = {
			isa = PBXGroup;
			children = (
				749ABDDA27FDD9E400A282A3 /* eggplantTests.swift */,
			);
			path = eggplantTests;
			sourceTree = "<group>";
		};
		749ABDE327FDD9E400A282A3 /* eggplantUITests */ = {
			isa = PBXGroup;
			children = (
				749ABDE427FDD9E400A282A3 /* eggplantUITests.swift */,
				749ABDE627FDD9E400A282A3 /* eggplantUITestsLaunchTests.swift */,
			);
			path = eggplantUITests;
			sourceTree = "<group>";
		};
/* End PBXGroup section */

/* Begin PBXNativeTarget section */
		749ABDBF27FDD9E300A282A3 /* eggplant */ = {
			isa = PBXNativeTarget;
			buildConfigurationList = 749ABDEA27FDD9E400A282A3 /* Build configuration list for PBXNativeTarget "eggplant" */;
			buildPhases = (
				749ABDBC27FDD9E300A282A3 /* Sources */,
				749ABDBD27FDD9E300A282A3 /* Frameworks */,
				749ABDBE27FDD9E300A282A3 /* Resources */,
			);
			buildRules = (
			);
			dependencies = (
			);
			name = eggplant;
			productName = eggplant;
			productReference = 749ABDC027FDD9E300A282A3 /* eggplant.app */;
			productType = "com.apple.product-type.application";
		};
		749ABDD527FDD9E400A282A3 /* eggplantTests */ = {
			isa = PBXNativeTarget;
			buildConfigurationList = 749ABDED27FDD9E400A282A3 /* Build configuration list for PBXNativeTarget "eggplantTests" */;
			buildPhases = (
				749ABDD227FDD9E400A282A3 /* Sources */,
				749ABDD327FDD9E400A282A3 /* Frameworks */,
				749ABDD427FDD9E400A282A3 /* Resources */,
			);
			buildRules = (
			);
			dependencies = (
				749ABDD827FDD9E400A282A3 /* PBXTargetDependency */,
			);
			name = eggplantTests;
			productName = eggplantTests;
			productReference = 749ABDD627FDD9E400A282A3 /* eggplantTests.xctest */;
			productType = "com.apple.product-type.bundle.unit-test";
		};
		749ABDDF27FDD9E400A282A3 /* eggplantUITests */ = {
			isa = PBXNativeTarget;
			buildConfigurationList = 749ABDF027FDD9E400A282A3 /* Build configuration list for PBXNativeTarget "eggplantUITests" */;
			buildPhases = (
				749ABDDC27FDD9E400A282A3 /* Sources */,
				749ABDDD27FDD9E400A282A3 /* Frameworks */,
				749ABDDE27FDD9E400A282A3 /* Resources */,
			);
			buildRules = (
			);
			dependencies = (
				749ABDE227FDD9E400A282A3 /* PBXTargetDependency */,
			);
			name = eggplantUITests;
			productName = eggplantUITests;
			productReference = 749ABDE027FDD9E400A282A3 /* eggplantUITests.xctest */;
			productType = "com.apple.product-type.bundle.ui-testing";
		};
/* End PBXNativeTarget section */

/* Begin PBXProject section */
		749ABDB827FDD9E300A282A3 /* Project object */ = {
			isa = PBXProject;
			attributes = {
				BuildIndependentTargetsInParallel = 1;
				LastSwiftUpdateCheck = 1330;
				LastUpgradeCheck = 1330;
				TargetAttributes = {
					749ABDBF27FDD9E300A282A3 = {
						CreatedOnToolsVersion = 13.3;
					};
					749ABDD527FDD9E400A282A3 = {
						CreatedOnToolsVersion = 13.3;
						TestTargetID = 749ABDBF27FDD9E300A282A3;
					};
					749ABDDF27FDD9E400A282A3 = {
						CreatedOnToolsVersion = 13.3;
						TestTargetID = 749ABDBF27FDD9E300A282A3;
					};
				};
			};
			buildConfigurationList = 749ABDBB27FDD9E300A282A3 /* Build configuration list for PBXProject "eggplant" */;
			compatibilityVersion = "Xcode 13.0";
			developmentRegion = en;
			hasScannedForEncodings = 0;
			knownRegions = (
				en,
				Base,
			);
			mainGroup = 749ABDB727FDD9E300A282A3;
			productRefGroup = 749ABDC127FDD9E300A282A3 /* Products */;
			projectDirPath = "";
			projectRoot = "";
			targets = (
				749ABDBF27FDD9E300A282A3 /* eggplant */,
				749ABDD527FDD9E400A282A3 /* eggplantTests */,
				749ABDDF27FDD9E400A282A3 /* eggplantUITests */,
			);
		};
/* End PBXProject section */

/* Begin PBXResourcesBuildPhase section */
		749ABDBE27FDD9E300A282A3 /* Resources */ = {
			isa = PBXResourcesBuildPhase;
			buildActionMask = 2147483647;
			files = (
				749ABDD027FDD9E400A282A3 /* LaunchScreen.storyboard in Resources */,
				749ABDCD27FDD9E400A282A3 /* Assets.xcassets in Resources */,
				749ABDCB27FDD9E300A282A3 /* Main.storyboard in Resources */,
			);
			runOnlyForDeploymentPostprocessing = 0;
		};
		749ABDD427FDD9E400A282A3 /* Resources */ = {
			isa = PBXResourcesBuildPhase;
			buildActionMask = 2147483647;
			files = (
			);
			runOnlyForDeploymentPostprocessing = 0;
		};
		749ABDDE27FDD9E400A282A3 /* Resources */ = {
			isa = PBXResourcesBuildPhase;
			buildActionMask = 2147483647;
			files = (
			);
			runOnlyForDeploymentPostprocessing = 0;
		};
/* End PBXResourcesBuildPhase section */

/* Begin PBXSourcesBuildPhase section */
		749ABDBC27FDD9E300A282A3 /* Sources */ = {
			isa = PBXSourcesBuildPhase;
			buildActionMask = 2147483647;
			files = (
				749ABDC827FDD9E300A282A3 /* ViewController.swift in Sources */,
				749ABDC427FDD9E300A282A3 /* AppDelegate.swift in Sources */,
				749ABDC627FDD9E300A282A3 /* SceneDelegate.swift in Sources */,
			);
			runOnlyForDeploymentPostprocessing = 0;
		};
		749ABDD227FDD9E400A282A3 /* Sources */ = {
			isa = PBXSourcesBuildPhase;
			buildActionMask = 2147483647;
			files = (
				749ABDDB27FDD9E400A282A3 /* eggplantTests.swift in Sources */,
			);
			runOnlyForDeploymentPostprocessing = 0;
		};
		749ABDDC27FDD9E400A282A3 /* Sources */ = {
			isa = PBXSourcesBuildPhase;
			buildActionMask = 2147483647;
			files = (
				749ABDE727FDD9E400A282A3 /* eggplantUITestsLaunchTests.swift in Sources */,
				749ABDE527FDD9E400A282A3 /* eggplantUITests.swift in Sources */,
			);
			runOnlyForDeploymentPostprocessing = 0;
		};
/* End PBXSourcesBuildPhase section */

/* Begin PBXTargetDependency section */
		749ABDD827FDD9E400A282A3 /* PBXTargetDependency */ = {
			isa = PBXTargetDependency;
			target = 749ABDBF27FDD9E300A282A3 /* eggplant */;
			targetProxy = 749ABDD727FDD9E400A282A3 /* PBXContainerItemProxy */;
		};
		749ABDE227FDD9E400A282A3 /* PBXTargetDependency */ = {
			isa = PBXTargetDependency;
			target = 749ABDBF27FDD9E300A282A3 /* eggplant */;
			targetProxy = 749ABDE127FDD9E400A282A3 /* PBXContainerItemProxy */;
		};
/* End PBXTargetDependency section */

/* Begin PBXVariantGroup section */
		749ABDC927FDD9E300A282A3 /* Main.storyboard */ = {
			isa = PBXVariantGroup;
			children = (
				749ABDCA27FDD9E300A282A3 /* Base */,
			);
			name = Main.storyboard;
			sourceTree = "<group>";
		};
		749ABDCE27FDD9E400A282A3 /* LaunchScreen.storyboard */ = {
			isa = PBXVariantGroup;
			children = (
				749ABDCF27FDD9E400A282A3 /* Base */,
			);
			name = LaunchScreen.storyboard;
			sourceTree = "<group>";
		};
/* End PBXVariantGroup section */

/* Begin XCBuildConfiguration section */
		749ABDE827FDD9E400A282A3 /* Debug */ = {
			isa = XCBuildConfiguration;
			buildSettings = {
				ALWAYS_SEARCH_USER_PATHS = NO;
				CLANG_ANALYZER_NONNULL = YES;
				CLANG_ANALYZER_NUMBER_OBJECT_CONVERSION = YES_AGGRESSIVE;
				CLANG_CXX_LANGUAGE_STANDARD = "gnu++17";
				CLANG_ENABLE_MODULES = YES;
				CLANG_ENABLE_OBJC_ARC = YES;
				CLANG_ENABLE_OBJC_WEAK = YES;
				CLANG_WARN_BLOCK_CAPTURE_AUTORELEASING = YES;
				CLANG_WARN_BOOL_CONVERSION = YES;
				CLANG_WARN_COMMA = YES;
				CLANG_WARN_CONSTANT_CONVERSION = YES;
				CLANG_WARN_DEPRECATED_OBJC_IMPLEMENTATIONS = YES;
				CLANG_WARN_DIRECT_OBJC_ISA_USAGE = YES_ERROR;
				CLANG_WARN_DOCUMENTATION_COMMENTS = YES;
				CLANG_WARN_EMPTY_BODY = YES;
				CLANG_WARN_ENUM_CONVERSION = YES;
				CLANG_WARN_INFINITE_RECURSION = YES;
				CLANG_WARN_INT_CONVERSION = YES;
				CLANG_WARN_NON_LITERAL_NULL_CONVERSION = YES;
				CLANG_WARN_OBJC_IMPLICIT_RETAIN_SELF = YES;
				CLANG_WARN_OBJC_LITERAL_CONVERSION = YES;
				CLANG_WARN_OBJC_ROOT_CLASS = YES_ERROR;
				CLANG_WARN_QUOTED_INCLUDE_IN_FRAMEWORK_HEADER = YES;
				CLANG_WARN_RANGE_LOOP_ANALYSIS = YES;
				CLANG_WARN_STRICT_PROTOTYPES = YES;
				CLANG_WARN_SUSPICIOUS_MOVE = YES;
				CLANG_WARN_UNGUARDED_AVAILABILITY = YES_AGGRESSIVE;
				CLANG_WARN_UNREACHABLE_CODE = YES;
				CLANG_WARN__DUPLICATE_METHOD_MATCH = YES;
				COPY_PHASE_STRIP = NO;
				DEBUG_INFORMATION_FORMAT = dwarf;
				ENABLE_STRICT_OBJC_MSGSEND = YES;
				ENABLE_TESTABILITY = YES;
				GCC_C_LANGUAGE_STANDARD = gnu11;
				GCC_DYNAMIC_NO_PIC = NO;
				GCC_NO_COMMON_BLOCKS = YES;
				GCC_OPTIMIZATION_LEVEL = 0;
				GCC_PREPROCESSOR_DEFINITIONS = (
					"DEBUG=1",
					"$(inherited)",
				);
				GCC_WARN_64_TO_32_BIT_CONVERSION = YES;
				GCC_WARN_ABOUT_RETURN_TYPE = YES_ERROR;
				GCC_WARN_UNDECLARED_SELECTOR = YES;
				GCC_WARN_UNINITIALIZED_AUTOS = YES_AGGRESSIVE;
				GCC_WARN_UNUSED_FUNCTION = YES;
				GCC_WARN_UNUSED_VARIABLE = YES;
				IPHONEOS_DEPLOYMENT_TARGET = 15.4;
				MTL_ENABLE_DEBUG_INFO = INCLUDE_SOURCE;
				MTL_FAST_MATH = YES;
				ONLY_ACTIVE_ARCH = YES;
				SDKROOT = iphoneos;
				SWIFT_ACTIVE_COMPILATION_CONDITIONS = DEBUG;
				SWIFT_OPTIMIZATION_LEVEL = "-Onone";
			};
			name = Debug;
		};
		749ABDE927FDD9E400A282A3 /* Release */ = {
			isa = XCBuildConfiguration;
			buildSettings = {
				ALWAYS_SEARCH_USER_PATHS = NO;
				CLANG_ANALYZER_NONNULL = YES;
				CLANG_ANALYZER_NUMBER_OBJECT_CONVERSION = YES_AGGRESSIVE;
				CLANG_CXX_LANGUAGE_STANDARD = "gnu++17";
				CLANG_ENABLE_MODULES = YES;
				CLANG_ENABLE_OBJC_ARC = YES;
				CLANG_ENABLE_OBJC_WEAK = YES;
				CLANG_WARN_BLOCK_CAPTURE_AUTORELEASING = YES;
				CLANG_WARN_BOOL_CONVERSION = YES;
				CLANG_WARN_COMMA = YES;
				CLANG_WARN_CONSTANT_CONVERSION = YES;
				CLANG_WARN_DEPRECATED_OBJC_IMPLEMENTATIONS = YES;
				CLANG_WARN_DIRECT_OBJC_ISA_USAGE = YES_ERROR;
				CLANG_WARN_DOCUMENTATION_COMMENTS = YES;
				CLANG_WARN_EMPTY_BODY = YES;
				CLANG_WARN_ENUM_CONVERSION = YES;
				CLANG_WARN_INFINITE_RECURSION = YES;
				CLANG_WARN_INT_CONVERSION = YES;
				CLANG_WARN_NON_LITERAL_NULL_CONVERSION = YES;
				CLANG_WARN_OBJC_IMPLICIT_RETAIN_SELF = YES;
				CLANG_WARN_OBJC_LITERAL_CONVERSION = YES;
				CLANG_WARN_OBJC_ROOT_CLASS = YES_ERROR;
				CLANG_WARN_QUOTED_INCLUDE_IN_FRAMEWORK_HEADER = YES;
				CLANG_WARN_RANGE_LOOP_ANALYSIS = YES;
				CLANG_WARN_STRICT_PROTOTYPES = YES;
				CLANG_WARN_SUSPICIOUS_MOVE = YES;
				CLANG_WARN_UNGUARDED_AVAILABILITY = YES_AGGRESSIVE;
				CLANG_WARN_UNREACHABLE_CODE = YES;
				CLANG_WARN__DUPLICATE_METHOD_MATCH = YES;
				COPY_PHASE_STRIP = NO;
				DEBUG_INFORMATION_FORMAT = "dwarf-with-dsym";
				ENABLE_NS_ASSERTIONS = NO;
				ENABLE_STRICT_OBJC_MSGSEND = YES;
				GCC_C_LANGUAGE_STANDARD = gnu11;
				GCC_NO_COMMON_BLOCKS = YES;
				GCC_WARN_64_TO_32_BIT_CONVERSION = YES;
				GCC_WARN_ABOUT_RETURN_TYPE = YES_ERROR;
				GCC_WARN_UNDECLARED_SELECTOR = YES;
				GCC_WARN_UNINITIALIZED_AUTOS = YES_AGGRESSIVE;
				GCC_WARN_UNUSED_FUNCTION = YES;
				GCC_WARN_UNUSED_VARIABLE = YES;
				IPHONEOS_DEPLOYMENT_TARGET = 15.4;
				MTL_ENABLE_DEBUG_INFO = NO;
				MTL_FAST_MATH = YES;
				SDKROOT = iphoneos;
				SWIFT_COMPILATION_MODE = wholemodule;
				SWIFT_OPTIMIZATION_LEVEL = "-O";
				VALIDATE_PRODUCT = YES;
			};
			name = Release;
		};
		749ABDEB27FDD9E400A282A3 /* Debug */ = {
			isa = XCBuildConfiguration;
			buildSettings = {
				ASSETCATALOG_COMPILER_APPICON_NAME = AppIcon;
				ASSETCATALOG_COMPILER_GLOBAL_ACCENT_COLOR_NAME = AccentColor;
				CODE_SIGN_STYLE = Automatic;
				CURRENT_PROJECT_VERSION = 1;
				GENERATE_INFOPLIST_FILE = YES;
				INFOPLIST_FILE = eggplant/Info.plist;
				INFOPLIST_KEY_UIApplicationSupportsIndirectInputEvents = YES;
				INFOPLIST_KEY_UILaunchStoryboardName = LaunchScreen;
				INFOPLIST_KEY_UIMainStoryboardFile = Main;
				INFOPLIST_KEY_UISupportedInterfaceOrientations_iPad = "UIInterfaceOrientationPortrait UIInterfaceOrientationPortraitUpsideDown UIInterfaceOrientationLandscapeLeft UIInterfaceOrientationLandscapeRight";
				INFOPLIST_KEY_UISupportedInterfaceOrientations_iPhone = "UIInterfaceOrientationPortrait UIInterfaceOrientationLandscapeLeft UIInterfaceOrientationLandscapeRight";
				LD_RUNPATH_SEARCH_PATHS = (
					"$(inherited)",
					"@executable_path/Frameworks",
				);
				MARKETING_VERSION = 1.0;
				PRODUCT_BUNDLE_IDENTIFIER = com.trainning.eggplant;
				PRODUCT_NAME = "$(TARGET_NAME)";
				SWIFT_EMIT_LOC_STRINGS = YES;
				SWIFT_VERSION = 5.0;
				TARGETED_DEVICE_FAMILY = "1,2";
			};
			name = Debug;
		};
		749ABDEC27FDD9E400A282A3 /* Release */ = {
			isa = XCBuildConfiguration;
			buildSettings = {
				ASSETCATALOG_COMPILER_APPICON_NAME = AppIcon;
				ASSETCATALOG_COMPILER_GLOBAL_ACCENT_COLOR_NAME = AccentColor;
				CODE_SIGN_STYLE = Automatic;
				CURRENT_PROJECT_VERSION = 1;
				GENERATE_INFOPLIST_FILE = YES;
				INFOPLIST_FILE = eggplant/Info.plist;
				INFOPLIST_KEY_UIApplicationSupportsIndirectInputEvents = YES;
				INFOPLIST_KEY_UILaunchStoryboardName = LaunchScreen;
				INFOPLIST_KEY_UIMainStoryboardFile = Main;
				INFOPLIST_KEY_UISupportedInterfaceOrientations_iPad = "UIInterfaceOrientationPortrait UIInterfaceOrientationPortraitUpsideDown UIInterfaceOrientationLandscapeLeft UIInterfaceOrientationLandscapeRight";
				INFOPLIST_KEY_UISupportedInterfaceOrientations_iPhone = "UIInterfaceOrientationPortrait UIInterfaceOrientationLandscapeLeft UIInterfaceOrientationLandscapeRight";
				LD_RUNPATH_SEARCH_PATHS = (
					"$(inherited)",
					"@executable_path/Frameworks",
				);
				MARKETING_VERSION = 1.0;
				PRODUCT_BUNDLE_IDENTIFIER = com.trainning.eggplant;
				PRODUCT_NAME = "$(TARGET_NAME)";
				SWIFT_EMIT_LOC_STRINGS = YES;
				SWIFT_VERSION = 5.0;
				TARGETED_DEVICE_FAMILY = "1,2";
			};
			name = Release;
		};
		749ABDEE27FDD9E400A282A3 /* Debug */ = {
			isa = XCBuildConfiguration;
			buildSettings = {
				ALWAYS_EMBED_SWIFT_STANDARD_LIBRARIES = YES;
				BUNDLE_LOADER = "$(TEST_HOST)";
				CODE_SIGN_STYLE = Automatic;
				CURRENT_PROJECT_VERSION = 1;
				GENERATE_INFOPLIST_FILE = YES;
				IPHONEOS_DEPLOYMENT_TARGET = 15.4;
				MARKETING_VERSION = 1.0;
				PRODUCT_BUNDLE_IDENTIFIER = com.trainning.eggplantTests;
				PRODUCT_NAME = "$(TARGET_NAME)";
				SWIFT_EMIT_LOC_STRINGS = NO;
				SWIFT_VERSION = 5.0;
				TARGETED_DEVICE_FAMILY = "1,2";
				TEST_HOST = "$(BUILT_PRODUCTS_DIR)/eggplant.app/eggplant";
			};
			name = Debug;
		};
		749ABDEF27FDD9E400A282A3 /* Release */ = {
			isa = XCBuildConfiguration;
			buildSettings = {
				ALWAYS_EMBED_SWIFT_STANDARD_LIBRARIES = YES;
				BUNDLE_LOADER = "$(TEST_HOST)";
				CODE_SIGN_STYLE = Automatic;
				CURRENT_PROJECT_VERSION = 1;
				GENERATE_INFOPLIST_FILE = YES;
				IPHONEOS_DEPLOYMENT_TARGET = 15.4;
				MARKETING_VERSION = 1.0;
				PRODUCT_BUNDLE_IDENTIFIER = com.trainning.eggplantTests;
				PRODUCT_NAME = "$(TARGET_NAME)";
				SWIFT_EMIT_LOC_STRINGS = NO;
				SWIFT_VERSION = 5.0;
				TARGETED_DEVICE_FAMILY = "1,2";
				TEST_HOST = "$(BUILT_PRODUCTS_DIR)/eggplant.app/eggplant";
			};
			name = Release;
		};
		749ABDF127FDD9E400A282A3 /* Debug */ = {
			isa = XCBuildConfiguration;
			buildSettings = {
				ALWAYS_EMBED_SWIFT_STANDARD_LIBRARIES = YES;
				CODE_SIGN_STYLE = Automatic;
				CURRENT_PROJECT_VERSION = 1;
				GENERATE_INFOPLIST_FILE = YES;
				MARKETING_VERSION = 1.0;
				PRODUCT_BUNDLE_IDENTIFIER = com.trainning.eggplantUITests;
				PRODUCT_NAME = "$(TARGET_NAME)";
				SWIFT_EMIT_LOC_STRINGS = NO;
				SWIFT_VERSION = 5.0;
				TARGETED_DEVICE_FAMILY = "1,2";
				TEST_TARGET_NAME = eggplant;
			};
			name = Debug;
		};
		749ABDF227FDD9E400A282A3 /* Release */ = {
			isa = XCBuildConfiguration;
			buildSettings = {
				ALWAYS_EMBED_SWIFT_STANDARD_LIBRARIES = YES;
				CODE_SIGN_STYLE = Automatic;
				CURRENT_PROJECT_VERSION = 1;
				GENERATE_INFOPLIST_FILE = YES;
				MARKETING_VERSION = 1.0;
				PRODUCT_BUNDLE_IDENTIFIER = com.trainning.eggplantUITests;
				PRODUCT_NAME = "$(TARGET_NAME)";
				SWIFT_EMIT_LOC_STRINGS = NO;
				SWIFT_VERSION = 5.0;
				TARGETED_DEVICE_FAMILY = "1,2";
				TEST_TARGET_NAME = eggplant;
			};
			name = Release;
		};
/* End XCBuildConfiguration section */

/* Begin XCConfigurationList section */
		749ABDBB27FDD9E300A282A3 /* Build configuration list for PBXProject "eggplant" */ = {
			isa = XCConfigurationList;
			buildConfigurations = (
				749ABDE827FDD9E400A282A3 /* Debug */,
				749ABDE927FDD9E400A282A3 /* Release */,
			);
			defaultConfigurationIsVisible = 0;
			defaultConfigurationName = Release;
		};
		749ABDEA27FDD9E400A282A3 /* Build configuration list for PBXNativeTarget "eggplant" */ = {
			isa = XCConfigurationList;
			buildConfigurations = (
				749ABDEB27FDD9E400A282A3 /* Debug */,
				749ABDEC27FDD9E400A282A3 /* Release */,
			);
			defaultConfigurationIsVisible = 0;
			defaultConfigurationName = Release;
		};
		749ABDED27FDD9E400A282A3 /* Build configuration list for PBXNativeTarget "eggplantTests" */ = {
			isa = XCConfigurationList;
			buildConfigurations = (
				749ABDEE27FDD9E400A282A3 /* Debug */,
				749ABDEF27FDD9E400A282A3 /* Release */,
			);
			defaultConfigurationIsVisible = 0;
			defaultConfigurationName = Release;
		};
		749ABDF027FDD9E400A282A3 /* Build configuration list for PBXNativeTarget "eggplantUITests" */ = {
			isa = XCConfigurationList;
			buildConfigurations = (
				749ABDF127FDD9E400A282A3 /* Debug */,
				749ABDF227FDD9E400A282A3 /* Release */,
			);
			defaultConfigurationIsVisible = 0;
			defaultConfigurationName = Release;
		};
/* End XCConfigurationList section */
	};
	rootObject = 749ABDB827FDD9E300A282A3 /* Project object */;
}
